// !$*UTF8*$!
{
	archiveVersion = 1;
	classes = {
	};
	objectVersion = 56;
	objects = {

/* Begin PBXBuildFile section */
		D60DB2982B84BFA5000FC154 /* ComposableArchitectureTutorialsApp.swift in Sources */ = {isa = PBXBuildFile; fileRef = D60DB2972B84BFA5000FC154 /* ComposableArchitectureTutorialsApp.swift */; };
		D60DB29A2B84BFA5000FC154 /* ContentView.swift in Sources */ = {isa = PBXBuildFile; fileRef = D60DB2992B84BFA5000FC154 /* ContentView.swift */; };
		D60DB29C2B84BFA6000FC154 /* Assets.xcassets in Resources */ = {isa = PBXBuildFile; fileRef = D60DB29B2B84BFA6000FC154 /* Assets.xcassets */; };
		D60DB29F2B84BFA6000FC154 /* Preview Assets.xcassets in Resources */ = {isa = PBXBuildFile; fileRef = D60DB29E2B84BFA6000FC154 /* Preview Assets.xcassets */; };
		D60DB2A92B84C0EF000FC154 /* CounterFeature.swift in Sources */ = {isa = PBXBuildFile; fileRef = D60DB2A82B84C0EF000FC154 /* CounterFeature.swift */; };
		D60DB2AB2B84C197000FC154 /* ComposableArchitecture in Frameworks */ = {isa = PBXBuildFile; productRef = D60DB2AA2B84C197000FC154 /* ComposableArchitecture */; };
		D60DB2CF2B862F42000FC154 /* ComposableArchitectureTutorialsTests.swift in Sources */ = {isa = PBXBuildFile; fileRef = D60DB2CE2B862F42000FC154 /* ComposableArchitectureTutorialsTests.swift */; };
		D60DB2D72B864259000FC154 /* NumberFactClient.swift in Sources */ = {isa = PBXBuildFile; fileRef = D60DB2D62B864259000FC154 /* NumberFactClient.swift */; };
/* End PBXBuildFile section */

/* Begin PBXContainerItemProxy section */
		D60DB2D02B862F42000FC154 /* PBXContainerItemProxy */ = {
			isa = PBXContainerItemProxy;
			containerPortal = D60DB28C2B84BFA5000FC154 /* Project object */;
			proxyType = 1;
			remoteGlobalIDString = D60DB2932B84BFA5000FC154;
			remoteInfo = ComposableArchitectureTutorials;
		};
/* End PBXContainerItemProxy section */

/* Begin PBXFileReference section */
		D60DB2942B84BFA5000FC154 /* ComposableArchitectureTutorials.app */ = {isa = PBXFileReference; explicitFileType = wrapper.application; includeInIndex = 0; path = ComposableArchitectureTutorials.app; sourceTree = BUILT_PRODUCTS_DIR; };
		D60DB2972B84BFA5000FC154 /* ComposableArchitectureTutorialsApp.swift */ = {isa = PBXFileReference; lastKnownFileType = sourcecode.swift; path = ComposableArchitectureTutorialsApp.swift; sourceTree = "<group>"; };
		D60DB2992B84BFA5000FC154 /* ContentView.swift */ = {isa = PBXFileReference; lastKnownFileType = sourcecode.swift; path = ContentView.swift; sourceTree = "<group>"; };
		D60DB29B2B84BFA6000FC154 /* Assets.xcassets */ = {isa = PBXFileReference; lastKnownFileType = folder.assetcatalog; path = Assets.xcassets; sourceTree = "<group>"; };
		D60DB29E2B84BFA6000FC154 /* Preview Assets.xcassets */ = {isa = PBXFileReference; lastKnownFileType = folder.assetcatalog; path = "Preview Assets.xcassets"; sourceTree = "<group>"; };
		D60DB2A82B84C0EF000FC154 /* CounterFeature.swift */ = {isa = PBXFileReference; lastKnownFileType = sourcecode.swift; path = CounterFeature.swift; sourceTree = "<group>"; };
		D60DB2CC2B862F42000FC154 /* ComposableArchitectureTutorialsTests.xctest */ = {isa = PBXFileReference; explicitFileType = wrapper.cfbundle; includeInIndex = 0; path = ComposableArchitectureTutorialsTests.xctest; sourceTree = BUILT_PRODUCTS_DIR; };
		D60DB2CE2B862F42000FC154 /* ComposableArchitectureTutorialsTests.swift */ = {isa = PBXFileReference; lastKnownFileType = sourcecode.swift; path = ComposableArchitectureTutorialsTests.swift; sourceTree = "<group>"; };
		D60DB2D62B864259000FC154 /* NumberFactClient.swift */ = {isa = PBXFileReference; lastKnownFileType = sourcecode.swift; path = NumberFactClient.swift; sourceTree = "<group>"; };
/* End PBXFileReference section */

/* Begin PBXFrameworksBuildPhase section */
		D60DB2912B84BFA5000FC154 /* Frameworks */ = {
			isa = PBXFrameworksBuildPhase;
			buildActionMask = 2147483647;
			files = (
				D60DB2AB2B84C197000FC154 /* ComposableArchitecture in Frameworks */,
			);
			runOnlyForDeploymentPostprocessing = 0;
		};
		D60DB2C92B862F42000FC154 /* Frameworks */ = {
			isa = PBXFrameworksBuildPhase;
			buildActionMask = 2147483647;
			files = (
			);
			runOnlyForDeploymentPostprocessing = 0;
		};
/* End PBXFrameworksBuildPhase section */

/* Begin PBXGroup section */
		D60DB28B2B84BFA5000FC154 = {
			isa = PBXGroup;
			children = (
				D60DB2962B84BFA5000FC154 /* ComposableArchitectureTutorials */,
				D60DB2CD2B862F42000FC154 /* ComposableArchitectureTutorialsTests */,
				D60DB2952B84BFA5000FC154 /* Products */,
			);
			sourceTree = "<group>";
		};
		D60DB2952B84BFA5000FC154 /* Products */ = {
			isa = PBXGroup;
			children = (
				D60DB2942B84BFA5000FC154 /* ComposableArchitectureTutorials.app */,
				D60DB2CC2B862F42000FC154 /* ComposableArchitectureTutorialsTests.xctest */,
			);
			name = Products;
			sourceTree = "<group>";
		};
		D60DB2962B84BFA5000FC154 /* ComposableArchitectureTutorials */ = {
			isa = PBXGroup;
			children = (
				D60DB2972B84BFA5000FC154 /* ComposableArchitectureTutorialsApp.swift */,
				D60DB2992B84BFA5000FC154 /* ContentView.swift */,
				D60DB2A82B84C0EF000FC154 /* CounterFeature.swift */,
				D60DB2D62B864259000FC154 /* NumberFactClient.swift */,
				D60DB29B2B84BFA6000FC154 /* Assets.xcassets */,
				D60DB29D2B84BFA6000FC154 /* Preview Content */,
			);
			path = ComposableArchitectureTutorials;
			sourceTree = "<group>";
		};
		D60DB29D2B84BFA6000FC154 /* Preview Content */ = {
			isa = PBXGroup;
			children = (
				D60DB29E2B84BFA6000FC154 /* Preview Assets.xcassets */,
			);
			path = "Preview Content";
			sourceTree = "<group>";
		};
		D60DB2CD2B862F42000FC154 /* ComposableArchitectureTutorialsTests */ = {
			isa = PBXGroup;
			children = (
				D60DB2CE2B862F42000FC154 /* ComposableArchitectureTutorialsTests.swift */,
			);
			path = ComposableArchitectureTutorialsTests;
			sourceTree = "<group>";
		};
/* End PBXGroup section */

/* Begin PBXNativeTarget section */
		D60DB2932B84BFA5000FC154 /* ComposableArchitectureTutorials */ = {
			isa = PBXNativeTarget;
			buildConfigurationList = D60DB2A22B84BFA6000FC154 /* Build configuration list for PBXNativeTarget "ComposableArchitectureTutorials" */;
			buildPhases = (
				D60DB2902B84BFA5000FC154 /* Sources */,
				D60DB2912B84BFA5000FC154 /* Frameworks */,
				D60DB2922B84BFA5000FC154 /* Resources */,
			);
			buildRules = (
			);
			dependencies = (
				D60DB2AD2B84C2D7000FC154 /* PBXTargetDependency */,
			);
			name = ComposableArchitectureTutorials;
			packageProductDependencies = (
				D60DB2AA2B84C197000FC154 /* ComposableArchitecture */,
			);
			productName = ComposableArchitectureTutorials;
			productReference = D60DB2942B84BFA5000FC154 /* ComposableArchitectureTutorials.app */;
			productType = "com.apple.product-type.application";
		};
		D60DB2CB2B862F42000FC154 /* ComposableArchitectureTutorialsTests */ = {
			isa = PBXNativeTarget;
			buildConfigurationList = D60DB2D22B862F42000FC154 /* Build configuration list for PBXNativeTarget "ComposableArchitectureTutorialsTests" */;
			buildPhases = (
				D60DB2C82B862F42000FC154 /* Sources */,
				D60DB2C92B862F42000FC154 /* Frameworks */,
				D60DB2CA2B862F42000FC154 /* Resources */,
			);
			buildRules = (
			);
			dependencies = (
				D60DB2D12B862F42000FC154 /* PBXTargetDependency */,
			);
			name = ComposableArchitectureTutorialsTests;
			productName = ComposableArchitectureTutorialsTests;
			productReference = D60DB2CC2B862F42000FC154 /* ComposableArchitectureTutorialsTests.xctest */;
			productType = "com.apple.product-type.bundle.unit-test";
		};
/* End PBXNativeTarget section */

/* Begin PBXProject section */
		D60DB28C2B84BFA5000FC154 /* Project object */ = {
			isa = PBXProject;
			attributes = {
				BuildIndependentTargetsInParallel = 1;
				LastSwiftUpdateCheck = 1520;
				LastUpgradeCheck = 1520;
				TargetAttributes = {
					D60DB2932B84BFA5000FC154 = {
						CreatedOnToolsVersion = 15.2;
					};
					D60DB2CB2B862F42000FC154 = {
						CreatedOnToolsVersion = 15.2;
						TestTargetID = D60DB2932B84BFA5000FC154;
					};
				};
			};
			buildConfigurationList = D60DB28F2B84BFA5000FC154 /* Build configuration list for PBXProject "ComposableArchitectureTutorials" */;
			compatibilityVersion = "Xcode 14.0";
			developmentRegion = en;
			hasScannedForEncodings = 0;
			knownRegions = (
				en,
				Base,
			);
			mainGroup = D60DB28B2B84BFA5000FC154;
			packageReferences = (
				D60DB2A52B84C0BF000FC154 /* XCRemoteSwiftPackageReference "swift-composable-architecture" */,
			);
			productRefGroup = D60DB2952B84BFA5000FC154 /* Products */;
			projectDirPath = "";
			projectRoot = "";
			targets = (
				D60DB2932B84BFA5000FC154 /* ComposableArchitectureTutorials */,
				D60DB2CB2B862F42000FC154 /* ComposableArchitectureTutorialsTests */,
			);
		};
/* End PBXProject section */

/* Begin PBXResourcesBuildPhase section */
		D60DB2922B84BFA5000FC154 /* Resources */ = {
			isa = PBXResourcesBuildPhase;
			buildActionMask = 2147483647;
			files = (
				D60DB29F2B84BFA6000FC154 /* Preview Assets.xcassets in Resources */,
				D60DB29C2B84BFA6000FC154 /* Assets.xcassets in Resources */,
			);
			runOnlyForDeploymentPostprocessing = 0;
		};
		D60DB2CA2B862F42000FC154 /* Resources */ = {
			isa = PBXResourcesBuildPhase;
			buildActionMask = 2147483647;
			files = (
			);
			runOnlyForDeploymentPostprocessing = 0;
		};
/* End PBXResourcesBuildPhase section */

/* Begin PBXSourcesBuildPhase section */
		D60DB2902B84BFA5000FC154 /* Sources */ = {
			isa = PBXSourcesBuildPhase;
			buildActionMask = 2147483647;
			files = (
				D60DB2A92B84C0EF000FC154 /* CounterFeature.swift in Sources */,
				D60DB29A2B84BFA5000FC154 /* ContentView.swift in Sources */,
				D60DB2982B84BFA5000FC154 /* ComposableArchitectureTutorialsApp.swift in Sources */,
				D60DB2D72B864259000FC154 /* NumberFactClient.swift in Sources */,
			);
			runOnlyForDeploymentPostprocessing = 0;
		};
		D60DB2C82B862F42000FC154 /* Sources */ = {
			isa = PBXSourcesBuildPhase;
			buildActionMask = 2147483647;
			files = (
				D60DB2CF2B862F42000FC154 /* ComposableArchitectureTutorialsTests.swift in Sources */,
			);
			runOnlyForDeploymentPostprocessing = 0;
		};
/* End PBXSourcesBuildPhase section */

/* Begin PBXTargetDependency section */
		D60DB2AD2B84C2D7000FC154 /* PBXTargetDependency */ = {
			isa = PBXTargetDependency;
			productRef = D60DB2AC2B84C2D7000FC154 /* ComposableArchitecture */;
		};
		D60DB2D12B862F42000FC154 /* PBXTargetDependency */ = {
			isa = PBXTargetDependency;
			target = D60DB2932B84BFA5000FC154 /* ComposableArchitectureTutorials */;
			targetProxy = D60DB2D02B862F42000FC154 /* PBXContainerItemProxy */;
		};
/* End PBXTargetDependency section */

/* Begin XCBuildConfiguration section */
		D60DB2A02B84BFA6000FC154 /* Debug */ = {
			isa = XCBuildConfiguration;
			buildSettings = {
				ALWAYS_SEARCH_USER_PATHS = NO;
				ASSETCATALOG_COMPILER_GENERATE_SWIFT_ASSET_SYMBOL_EXTENSIONS = YES;
				CLANG_ANALYZER_NONNULL = YES;
				CLANG_ANALYZER_NUMBER_OBJECT_CONVERSION = YES_AGGRESSIVE;
				CLANG_CXX_LANGUAGE_STANDARD = "gnu++20";
				CLANG_ENABLE_MODULES = YES;
				CLANG_ENABLE_OBJC_ARC = YES;
				CLANG_ENABLE_OBJC_WEAK = YES;
				CLANG_WARN_BLOCK_CAPTURE_AUTORELEASING = YES;
				CLANG_WARN_BOOL_CONVERSION = YES;
				CLANG_WARN_COMMA = YES;
				CLANG_WARN_CONSTANT_CONVERSION = YES;
				CLANG_WARN_DEPRECATED_OBJC_IMPLEMENTATIONS = YES;
				CLANG_WARN_DIRECT_OBJC_ISA_USAGE = YES_ERROR;
				CLANG_WARN_DOCUMENTATION_COMMENTS = YES;
				CLANG_WARN_EMPTY_BODY = YES;
				CLANG_WARN_ENUM_CONVERSION = YES;
				CLANG_WARN_INFINITE_RECURSION = YES;
				CLANG_WARN_INT_CONVERSION = YES;
				CLANG_WARN_NON_LITERAL_NULL_CONVERSION = YES;
				CLANG_WARN_OBJC_IMPLICIT_RETAIN_SELF = YES;
				CLANG_WARN_OBJC_LITERAL_CONVERSION = YES;
				CLANG_WARN_OBJC_ROOT_CLASS = YES_ERROR;
				CLANG_WARN_QUOTED_INCLUDE_IN_FRAMEWORK_HEADER = YES;
				CLANG_WARN_RANGE_LOOP_ANALYSIS = YES;
				CLANG_WARN_STRICT_PROTOTYPES = YES;
				CLANG_WARN_SUSPICIOUS_MOVE = YES;
				CLANG_WARN_UNGUARDED_AVAILABILITY = YES_AGGRESSIVE;
				CLANG_WARN_UNREACHABLE_CODE = YES;
				CLANG_WARN__DUPLICATE_METHOD_MATCH = YES;
				COPY_PHASE_STRIP = NO;
				DEBUG_INFORMATION_FORMAT = dwarf;
				ENABLE_STRICT_OBJC_MSGSEND = YES;
				ENABLE_TESTABILITY = YES;
				ENABLE_USER_SCRIPT_SANDBOXING = YES;
				GCC_C_LANGUAGE_STANDARD = gnu17;
				GCC_DYNAMIC_NO_PIC = NO;
				GCC_NO_COMMON_BLOCKS = YES;
				GCC_OPTIMIZATION_LEVEL = 0;
				GCC_PREPROCESSOR_DEFINITIONS = (
					"DEBUG=1",
					"$(inherited)",
				);
				GCC_WARN_64_TO_32_BIT_CONVERSION = YES;
				GCC_WARN_ABOUT_RETURN_TYPE = YES_ERROR;
				GCC_WARN_UNDECLARED_SELECTOR = YES;
				GCC_WARN_UNINITIALIZED_AUTOS = YES_AGGRESSIVE;
				GCC_WARN_UNUSED_FUNCTION = YES;
				GCC_WARN_UNUSED_VARIABLE = YES;
				IPHONEOS_DEPLOYMENT_TARGET = 17.2;
				LOCALIZATION_PREFERS_STRING_CATALOGS = YES;
				MTL_ENABLE_DEBUG_INFO = INCLUDE_SOURCE;
				MTL_FAST_MATH = YES;
				ONLY_ACTIVE_ARCH = YES;
				SDKROOT = iphoneos;
				SWIFT_ACTIVE_COMPILATION_CONDITIONS = "DEBUG $(inherited)";
				SWIFT_OPTIMIZATION_LEVEL = "-Onone";
			};
			name = Debug;
		};
		D60DB2A12B84BFA6000FC154 /* Release */ = {
			isa = XCBuildConfiguration;
			buildSettings = {
				ALWAYS_SEARCH_USER_PATHS = NO;
				ASSETCATALOG_COMPILER_GENERATE_SWIFT_ASSET_SYMBOL_EXTENSIONS = YES;
				CLANG_ANALYZER_NONNULL = YES;
				CLANG_ANALYZER_NUMBER_OBJECT_CONVERSION = YES_AGGRESSIVE;
				CLANG_CXX_LANGUAGE_STANDARD = "gnu++20";
				CLANG_ENABLE_MODULES = YES;
				CLANG_ENABLE_OBJC_ARC = YES;
				CLANG_ENABLE_OBJC_WEAK = YES;
				CLANG_WARN_BLOCK_CAPTURE_AUTORELEASING = YES;
				CLANG_WARN_BOOL_CONVERSION = YES;
				CLANG_WARN_COMMA = YES;
				CLANG_WARN_CONSTANT_CONVERSION = YES;
				CLANG_WARN_DEPRECATED_OBJC_IMPLEMENTATIONS = YES;
				CLANG_WARN_DIRECT_OBJC_ISA_USAGE = YES_ERROR;
				CLANG_WARN_DOCUMENTATION_COMMENTS = YES;
				CLANG_WARN_EMPTY_BODY = YES;
				CLANG_WARN_ENUM_CONVERSION = YES;
				CLANG_WARN_INFINITE_RECURSION = YES;
				CLANG_WARN_INT_CONVERSION = YES;
				CLANG_WARN_NON_LITERAL_NULL_CONVERSION = YES;
				CLANG_WARN_OBJC_IMPLICIT_RETAIN_SELF = YES;
				CLANG_WARN_OBJC_LITERAL_CONVERSION = YES;
				CLANG_WARN_OBJC_ROOT_CLASS = YES_ERROR;
				CLANG_WARN_QUOTED_INCLUDE_IN_FRAMEWORK_HEADER = YES;
				CLANG_WARN_RANGE_LOOP_ANALYSIS = YES;
				CLANG_WARN_STRICT_PROTOTYPES = YES;
				CLANG_WARN_SUSPICIOUS_MOVE = YES;
				CLANG_WARN_UNGUARDED_AVAILABILITY = YES_AGGRESSIVE;
				CLANG_WARN_UNREACHABLE_CODE = YES;
				CLANG_WARN__DUPLICATE_METHOD_MATCH = YES;
				COPY_PHASE_STRIP = NO;
				DEBUG_INFORMATION_FORMAT = "dwarf-with-dsym";
				ENABLE_NS_ASSERTIONS = NO;
				ENABLE_STRICT_OBJC_MSGSEND = YES;
				ENABLE_USER_SCRIPT_SANDBOXING = YES;
				GCC_C_LANGUAGE_STANDARD = gnu17;
				GCC_NO_COMMON_BLOCKS = YES;
				GCC_WARN_64_TO_32_BIT_CONVERSION = YES;
				GCC_WARN_ABOUT_RETURN_TYPE = YES_ERROR;
				GCC_WARN_UNDECLARED_SELECTOR = YES;
				GCC_WARN_UNINITIALIZED_AUTOS = YES_AGGRESSIVE;
				GCC_WARN_UNUSED_FUNCTION = YES;
				GCC_WARN_UNUSED_VARIABLE = YES;
				IPHONEOS_DEPLOYMENT_TARGET = 17.2;
				LOCALIZATION_PREFERS_STRING_CATALOGS = YES;
				MTL_ENABLE_DEBUG_INFO = NO;
				MTL_FAST_MATH = YES;
				SDKROOT = iphoneos;
				SWIFT_COMPILATION_MODE = wholemodule;
				VALIDATE_PRODUCT = YES;
			};
			name = Release;
		};
		D60DB2A32B84BFA6000FC154 /* Debug */ = {
			isa = XCBuildConfiguration;
			buildSettings = {
				ASSETCATALOG_COMPILER_APPICON_NAME = AppIcon;
				ASSETCATALOG_COMPILER_GLOBAL_ACCENT_COLOR_NAME = AccentColor;
				CODE_SIGN_STYLE = Automatic;
				CURRENT_PROJECT_VERSION = 1;
				DEVELOPMENT_ASSET_PATHS = "\"ComposableArchitectureTutorials/Preview Content\"";
				DEVELOPMENT_TEAM = HF42G63PQY;
				ENABLE_PREVIEWS = YES;
				GENERATE_INFOPLIST_FILE = YES;
				INFOPLIST_KEY_UIApplicationSceneManifest_Generation = YES;
				INFOPLIST_KEY_UIApplicationSupportsIndirectInputEvents = YES;
				INFOPLIST_KEY_UILaunchScreen_Generation = YES;
				INFOPLIST_KEY_UISupportedInterfaceOrientations_iPad = "UIInterfaceOrientationPortrait UIInterfaceOrientationPortraitUpsideDown UIInterfaceOrientationLandscapeLeft UIInterfaceOrientationLandscapeRight";
				INFOPLIST_KEY_UISupportedInterfaceOrientations_iPhone = "UIInterfaceOrientationPortrait UIInterfaceOrientationLandscapeLeft UIInterfaceOrientationLandscapeRight";
				LD_RUNPATH_SEARCH_PATHS = (
					"$(inherited)",
					"@executable_path/Frameworks",
				);
				MARKETING_VERSION = 1.0;
				PRODUCT_BUNDLE_IDENTIFIER = com.ribereo.minami.ComposableArchitectureTutorials;
				PRODUCT_NAME = "$(TARGET_NAME)";
				SWIFT_EMIT_LOC_STRINGS = YES;
				SWIFT_VERSION = 5.0;
				TARGETED_DEVICE_FAMILY = "1,2";
			};
			name = Debug;
		};
		D60DB2A42B84BFA6000FC154 /* Release */ = {
			isa = XCBuildConfiguration;
			buildSettings = {
				ASSETCATALOG_COMPILER_APPICON_NAME = AppIcon;
				ASSETCATALOG_COMPILER_GLOBAL_ACCENT_COLOR_NAME = AccentColor;
				CODE_SIGN_STYLE = Automatic;
				CURRENT_PROJECT_VERSION = 1;
				DEVELOPMENT_ASSET_PATHS = "\"ComposableArchitectureTutorials/Preview Content\"";
				DEVELOPMENT_TEAM = HF42G63PQY;
				ENABLE_PREVIEWS = YES;
				GENERATE_INFOPLIST_FILE = YES;
				INFOPLIST_KEY_UIApplicationSceneManifest_Generation = YES;
				INFOPLIST_KEY_UIApplicationSupportsIndirectInputEvents = YES;
				INFOPLIST_KEY_UILaunchScreen_Generation = YES;
				INFOPLIST_KEY_UISupportedInterfaceOrientations_iPad = "UIInterfaceOrientationPortrait UIInterfaceOrientationPortraitUpsideDown UIInterfaceOrientationLandscapeLeft UIInterfaceOrientationLandscapeRight";
				INFOPLIST_KEY_UISupportedInterfaceOrientations_iPhone = "UIInterfaceOrientationPortrait UIInterfaceOrientationLandscapeLeft UIInterfaceOrientationLandscapeRight";
				LD_RUNPATH_SEARCH_PATHS = (
					"$(inherited)",
					"@executable_path/Frameworks",
				);
				MARKETING_VERSION = 1.0;
				PRODUCT_BUNDLE_IDENTIFIER = com.ribereo.minami.ComposableArchitectureTutorials;
				PRODUCT_NAME = "$(TARGET_NAME)";
				SWIFT_EMIT_LOC_STRINGS = YES;
				SWIFT_VERSION = 5.0;
				TARGETED_DEVICE_FAMILY = "1,2";
			};
			name = Release;
		};
		D60DB2D32B862F42000FC154 /* Debug */ = {
			isa = XCBuildConfiguration;
			buildSettings = {
				BUNDLE_LOADER = "$(TEST_HOST)";
				CODE_SIGN_STYLE = Automatic;
				CURRENT_PROJECT_VERSION = 1;
				DEVELOPMENT_TEAM = HF42G63PQY;
				GENERATE_INFOPLIST_FILE = YES;
				MARKETING_VERSION = 1.0;
				PRODUCT_BUNDLE_IDENTIFIER = com.ribereo.minami.ComposableArchitectureTutorialsTests;
				PRODUCT_NAME = "$(TARGET_NAME)";
				SWIFT_EMIT_LOC_STRINGS = NO;
				SWIFT_VERSION = 5.0;
				TARGETED_DEVICE_FAMILY = "1,2";
				TEST_HOST = "$(BUILT_PRODUCTS_DIR)/ComposableArchitectureTutorials.app/$(BUNDLE_EXECUTABLE_FOLDER_PATH)/ComposableArchitectureTutorials";
			};
			name = Debug;
		};
		D60DB2D42B862F42000FC154 /* Release */ = {
			isa = XCBuildConfiguration;
			buildSettings = {
				BUNDLE_LOADER = "$(TEST_HOST)";
				CODE_SIGN_STYLE = Automatic;
				CURRENT_PROJECT_VERSION = 1;
				DEVELOPMENT_TEAM = HF42G63PQY;
				GENERATE_INFOPLIST_FILE = YES;
				MARKETING_VERSION = 1.0;
				PRODUCT_BUNDLE_IDENTIFIER = com.ribereo.minami.ComposableArchitectureTutorialsTests;
				PRODUCT_NAME = "$(TARGET_NAME)";
				SWIFT_EMIT_LOC_STRINGS = NO;
				SWIFT_VERSION = 5.0;
				TARGETED_DEVICE_FAMILY = "1,2";
				TEST_HOST = "$(BUILT_PRODUCTS_DIR)/ComposableArchitectureTutorials.app/$(BUNDLE_EXECUTABLE_FOLDER_PATH)/ComposableArchitectureTutorials";
			};
			name = Release;
		};
/* End XCBuildConfiguration section */

/* Begin XCConfigurationList section */
		D60DB28F2B84BFA5000FC154 /* Build configuration list for PBXProject "ComposableArchitectureTutorials" */ = {
			isa = XCConfigurationList;
			buildConfigurations = (
				D60DB2A02B84BFA6000FC154 /* Debug */,
				D60DB2A12B84BFA6000FC154 /* Release */,
			);
			defaultConfigurationIsVisible = 0;
			defaultConfigurationName = Release;
		};
		D60DB2A22B84BFA6000FC154 /* Build configuration list for PBXNativeTarget "ComposableArchitectureTutorials" */ = {
			isa = XCConfigurationList;
			buildConfigurations = (
				D60DB2A32B84BFA6000FC154 /* Debug */,
				D60DB2A42B84BFA6000FC154 /* Release */,
			);
			defaultConfigurationIsVisible = 0;
			defaultConfigurationName = Release;
		};
		D60DB2D22B862F42000FC154 /* Build configuration list for PBXNativeTarget "ComposableArchitectureTutorialsTests" */ = {
			isa = XCConfigurationList;
			buildConfigurations = (
				D60DB2D32B862F42000FC154 /* Debug */,
				D60DB2D42B862F42000FC154 /* Release */,
			);
			defaultConfigurationIsVisible = 0;
			defaultConfigurationName = Release;
		};
/* End XCConfigurationList section */

/* Begin XCRemoteSwiftPackageReference section */
		D60DB2A52B84C0BF000FC154 /* XCRemoteSwiftPackageReference "swift-composable-architecture" */ = {
			isa = XCRemoteSwiftPackageReference;
			repositoryURL = "https://github.com/pointfreeco/swift-composable-architecture";
			requirement = {
				kind = upToNextMajorVersion;
				minimumVersion = 1.8.2;
			};
		};
/* End XCRemoteSwiftPackageReference section */

/* Begin XCSwiftPackageProductDependency section */
		D60DB2AA2B84C197000FC154 /* ComposableArchitecture */ = {
			isa = XCSwiftPackageProductDependency;
			package = D60DB2A52B84C0BF000FC154 /* XCRemoteSwiftPackageReference "swift-composable-architecture" */;
			productName = ComposableArchitecture;
		};
		D60DB2AC2B84C2D7000FC154 /* ComposableArchitecture */ = {
			isa = XCSwiftPackageProductDependency;
			package = D60DB2A52B84C0BF000FC154 /* XCRemoteSwiftPackageReference "swift-composable-architecture" */;
			productName = ComposableArchitecture;
		};
/* End XCSwiftPackageProductDependency section */
	};
	rootObject = D60DB28C2B84BFA5000FC154 /* Project object */;
}
